
Microsoft Visual Studio Solution File, Format Version 12.00
# Visual Studio Version 16
VisualStudioVersion = 16.0.31205.134
MinimumVisualStudioVersion = 10.0.40219.1
Project("{FAE04EC0-301F-11D3-BF4B-00C04F79EFBC}") = "SchemaClass", "SchemaClass.csproj", "{3A9D5024-5778-484F-99D0-F8FD761E2370}"
EndProject
Global
	GlobalSection(SolutionConfigurationPlatforms) = preSolution
		Debug|Any CPU = Debug|Any CPU
		Release|Any CPU = Release|Any CPU
	EndGlobalSection
	GlobalSection(ProjectConfigurationPlatforms) = postSolution
		{3A9D5024-5778-484F-99D0-F8FD761E2370}.Debug|Any CPU.ActiveCfg = Debug|Any CPU
		{3A9D5024-5778-484F-99D0-F8FD761E2370}.Debug|Any CPU.Build.0 = Debug|Any CPU
		{3A9D5024-5778-484F-99D0-F8FD761E2370}.Release|Any CPU.ActiveCfg = Release|Any CPU
		{3A9D5024-5778-484F-99D0-F8FD761E2370}.Release|Any CPU.Build.0 = Release|Any CPU
	EndGlobalSection
	GlobalSection(SolutionProperties) = preSolution
		HideSolutionNode = FALSE
	EndGlobalSection
	GlobalSection(ExtensibilityGlobals) = postSolution
		SolutionGuid = {A02AE7F7-4298-497F-95A5-E0CCA5594C5E}
	EndGlobalSection
EndGlobal
